
Microsoft Visual Studio Solution File, Format Version 12.00
# Visual Studio Version 17
VisualStudioVersion = 17.1.32319.34
MinimumVisualStudioVersion = 10.0.40219.1
Project("{9A19103F-16F7-4668-BE54-9A1E7A4F7556}") = "KPC8", "KPC8\KPC8.csproj", "{CBD64178-3894-459D-8676-487DD0C2B9CB}"
EndProject
Project("{9A19103F-16F7-4668-BE54-9A1E7A4F7556}") = "Components", "Components\Components.csproj", "{E79C3274-1DD5-4979-BB36-86DB63036DD7}"
EndProject
Project("{9A19103F-16F7-4668-BE54-9A1E7A4F7556}") = "Simulation", "Simulation\Simulation.csproj", "{E9D9B347-514D-469A-B792-365894C42896}"
EndProject
Project("{9A19103F-16F7-4668-BE54-9A1E7A4F7556}") = "Tests", "Tests\Tests.csproj", "{3835115A-28C6-4DD0-854E-E2152210E7C1}"
EndProject
Project("{9A19103F-16F7-4668-BE54-9A1E7A4F7556}") = "_Infrastructure", "Infrastructure\_Infrastructure.csproj", "{FAA16EA4-45AB-43B0-ACBB-53903BF54F09}"
EndProject
Project("{9A19103F-16F7-4668-BE54-9A1E7A4F7556}") = "ExternalDevices", "ExternalDevices\ExternalDevices.csproj", "{16BCBEC0-917B-41A9-8FA5-A36BC46AAC9C}"
EndProject
Project("{9A19103F-16F7-4668-BE54-9A1E7A4F7556}") = "Assembler", "Assembler\Assembler.csproj", "{D3DB37E1-6B9C-4161-8C0F-45B13E1B4F25}"
EndProject
Project("{9A19103F-16F7-4668-BE54-9A1E7A4F7556}") = "Player", "Player\Player.csproj", "{99BBFC70-3CA0-42C2-89EB-4EF7CCCDE4BF}"
EndProject
Project("{FAE04EC0-301F-11D3-BF4B-00C04F79EFBC}") = "Runner", "Runner\Runner.csproj", "{F6D6F193-30EC-4961-BDA8-BB84FF7668C3}"
EndProject
Global
	GlobalSection(SolutionConfigurationPlatforms) = preSolution
		Debug|Any CPU = Debug|Any CPU
		Release|Any CPU = Release|Any CPU
	EndGlobalSection
	GlobalSection(ProjectConfigurationPlatforms) = postSolution
		{CBD64178-3894-459D-8676-487DD0C2B9CB}.Debug|Any CPU.ActiveCfg = Debug|Any CPU
		{CBD64178-3894-459D-8676-487DD0C2B9CB}.Debug|Any CPU.Build.0 = Debug|Any CPU
		{CBD64178-3894-459D-8676-487DD0C2B9CB}.Release|Any CPU.ActiveCfg = Release|Any CPU
		{CBD64178-3894-459D-8676-487DD0C2B9CB}.Release|Any CPU.Build.0 = Release|Any CPU
		{E79C3274-1DD5-4979-BB36-86DB63036DD7}.Debug|Any CPU.ActiveCfg = Debug|Any CPU
		{E79C3274-1DD5-4979-BB36-86DB63036DD7}.Debug|Any CPU.Build.0 = Debug|Any CPU
		{E79C3274-1DD5-4979-BB36-86DB63036DD7}.Release|Any CPU.ActiveCfg = Release|Any CPU
		{E79C3274-1DD5-4979-BB36-86DB63036DD7}.Release|Any CPU.Build.0 = Release|Any CPU
		{E9D9B347-514D-469A-B792-365894C42896}.Debug|Any CPU.ActiveCfg = Debug|Any CPU
		{E9D9B347-514D-469A-B792-365894C42896}.Debug|Any CPU.Build.0 = Debug|Any CPU
		{E9D9B347-514D-469A-B792-365894C42896}.Release|Any CPU.ActiveCfg = Release|Any CPU
		{E9D9B347-514D-469A-B792-365894C42896}.Release|Any CPU.Build.0 = Release|Any CPU
		{3835115A-28C6-4DD0-854E-E2152210E7C1}.Debug|Any CPU.ActiveCfg = Debug|Any CPU
		{3835115A-28C6-4DD0-854E-E2152210E7C1}.Debug|Any CPU.Build.0 = Debug|Any CPU
		{3835115A-28C6-4DD0-854E-E2152210E7C1}.Release|Any CPU.ActiveCfg = Release|Any CPU
		{3835115A-28C6-4DD0-854E-E2152210E7C1}.Release|Any CPU.Build.0 = Release|Any CPU
		{FAA16EA4-45AB-43B0-ACBB-53903BF54F09}.Debug|Any CPU.ActiveCfg = Debug|Any CPU
		{FAA16EA4-45AB-43B0-ACBB-53903BF54F09}.Debug|Any CPU.Build.0 = Debug|Any CPU
		{FAA16EA4-45AB-43B0-ACBB-53903BF54F09}.Release|Any CPU.ActiveCfg = Release|Any CPU
		{FAA16EA4-45AB-43B0-ACBB-53903BF54F09}.Release|Any CPU.Build.0 = Release|Any CPU
		{16BCBEC0-917B-41A9-8FA5-A36BC46AAC9C}.Debug|Any CPU.ActiveCfg = Debug|Any CPU
		{16BCBEC0-917B-41A9-8FA5-A36BC46AAC9C}.Debug|Any CPU.Build.0 = Debug|Any CPU
		{16BCBEC0-917B-41A9-8FA5-A36BC46AAC9C}.Release|Any CPU.ActiveCfg = Release|Any CPU
		{16BCBEC0-917B-41A9-8FA5-A36BC46AAC9C}.Release|Any CPU.Build.0 = Release|Any CPU
		{D3DB37E1-6B9C-4161-8C0F-45B13E1B4F25}.Debug|Any CPU.ActiveCfg = Debug|Any CPU
		{D3DB37E1-6B9C-4161-8C0F-45B13E1B4F25}.Debug|Any CPU.Build.0 = Debug|Any CPU
		{D3DB37E1-6B9C-4161-8C0F-45B13E1B4F25}.Release|Any CPU.ActiveCfg = Release|Any CPU
		{D3DB37E1-6B9C-4161-8C0F-45B13E1B4F25}.Release|Any CPU.Build.0 = Release|Any CPU
		{99BBFC70-3CA0-42C2-89EB-4EF7CCCDE4BF}.Debug|Any CPU.ActiveCfg = Debug|Any CPU
		{99BBFC70-3CA0-42C2-89EB-4EF7CCCDE4BF}.Debug|Any CPU.Build.0 = Debug|Any CPU
		{99BBFC70-3CA0-42C2-89EB-4EF7CCCDE4BF}.Release|Any CPU.ActiveCfg = Release|Any CPU
		{99BBFC70-3CA0-42C2-89EB-4EF7CCCDE4BF}.Release|Any CPU.Build.0 = Release|Any CPU
		{F6D6F193-30EC-4961-BDA8-BB84FF7668C3}.Debug|Any CPU.ActiveCfg = Debug|Any CPU
		{F6D6F193-30EC-4961-BDA8-BB84FF7668C3}.Debug|Any CPU.Build.0 = Debug|Any CPU
		{F6D6F193-30EC-4961-BDA8-BB84FF7668C3}.Release|Any CPU.ActiveCfg = Release|Any CPU
		{F6D6F193-30EC-4961-BDA8-BB84FF7668C3}.Release|Any CPU.Build.0 = Release|Any CPU
	EndGlobalSection
	GlobalSection(SolutionProperties) = preSolution
		HideSolutionNode = FALSE
	EndGlobalSection
	GlobalSection(ExtensibilityGlobals) = postSolution
		SolutionGuid = {18669513-3C36-4593-AD3F-9795E7A0B2F1}
	EndGlobalSection
EndGlobal
